# This file is generated by running "yarn install" inside your project.
# Manual changes might be lost - proceed with caution!

__metadata:
  version: 8
  cacheKey: 10c0

"@shikijs/core@npm:1.9.1":
  version: 1.9.1
  resolution: "@shikijs/core@npm:1.9.1"
  checksum: 10c0/70523a0fc2e8d32da6f35e640c854cb3ae3cb7202bcab2f08c92b8925ea4b2c19ec6df55c5cfd50d586bc3a3a5156945db720962ed66a3e624c2ef241aebe6ce
  languageName: node
  linkType: hard

"argparse@npm:^2.0.1":
  version: 2.0.1
  resolution: "argparse@npm:2.0.1"
  checksum: 10c0/c5640c2d89045371c7cedd6a70212a04e360fd34d6edeae32f6952c63949e3525ea77dbec0289d8213a99bbaeab5abfa860b5c12cf88a2e6cf8106e90dd27a7e
  languageName: node
  linkType: hard

"balanced-match@npm:^1.0.0":
  version: 1.0.2
  resolution: "balanced-match@npm:1.0.2"
  checksum: 10c0/9308baf0a7e4838a82bbfd11e01b1cb0f0cf2893bc1676c27c2a8c0e70cbae1c59120c3268517a8ae7fb6376b4639ef81ca22582611dbee4ed28df945134aaee
  languageName: node
  linkType: hard

"brace-expansion@npm:^2.0.1":
  version: 2.0.1
  resolution: "brace-expansion@npm:2.0.1"
  dependencies:
    balanced-match: "npm:^1.0.0"
  checksum: 10c0/b358f2fe060e2d7a87aa015979ecea07f3c37d4018f8d6deb5bd4c229ad3a0384fe6029bb76cd8be63c81e516ee52d1a0673edbe2023d53a5191732ae3c3e49f
  languageName: node
  linkType: hard

"entities@npm:^4.4.0":
  version: 4.5.0
  resolution: "entities@npm:4.5.0"
  checksum: 10c0/5b039739f7621f5d1ad996715e53d964035f75ad3b9a4d38c6b3804bb226e282ffeae2443624d8fdd9c47d8e926ae9ac009c54671243f0c3294c26af7cc85250
  languageName: node
  linkType: hard

"linkify-it@npm:^5.0.0":
  version: 5.0.0
  resolution: "linkify-it@npm:5.0.0"
  dependencies:
    uc.micro: "npm:^2.0.0"
  checksum: 10c0/ff4abbcdfa2003472fc3eb4b8e60905ec97718e11e33cca52059919a4c80cc0e0c2a14d23e23d8c00e5402bc5a885cdba8ca053a11483ab3cc8b3c7a52f88e2d
  languageName: node
  linkType: hard

"lunr@npm:^2.3.9":
  version: 2.3.9
  resolution: "lunr@npm:2.3.9"
  checksum: 10c0/77d7dbb4fbd602aac161e2b50887d8eda28c0fa3b799159cee380fbb311f1e614219126ecbbd2c3a9c685f1720a8109b3c1ca85cc893c39b6c9cc6a62a1d8a8b
  languageName: node
  linkType: hard

"markdown-it@npm:^14.1.0":
  version: 14.1.0
  resolution: "markdown-it@npm:14.1.0"
  dependencies:
    argparse: "npm:^2.0.1"
    entities: "npm:^4.4.0"
    linkify-it: "npm:^5.0.0"
    mdurl: "npm:^2.0.0"
    punycode.js: "npm:^2.3.1"
    uc.micro: "npm:^2.1.0"
  bin:
    markdown-it: bin/markdown-it.mjs
  checksum: 10c0/9a6bb444181d2db7016a4173ae56a95a62c84d4cbfb6916a399b11d3e6581bf1cc2e4e1d07a2f022ae72c25f56db90fbe1e529fca16fbf9541659dc53480d4b4
  languageName: node
  linkType: hard

"mdurl@npm:^2.0.0":
  version: 2.0.0
  resolution: "mdurl@npm:2.0.0"
  checksum: 10c0/633db522272f75ce4788440669137c77540d74a83e9015666a9557a152c02e245b192edc20bc90ae953bbab727503994a53b236b4d9c99bdaee594d0e7dd2ce0
  languageName: node
  linkType: hard

"minimatch@npm:^9.0.4":
  version: 9.0.5
  resolution: "minimatch@npm:9.0.5"
  dependencies:
    brace-expansion: "npm:^2.0.1"
  checksum: 10c0/de96cf5e35bdf0eab3e2c853522f98ffbe9a36c37797778d2665231ec1f20a9447a7e567cb640901f89e4daaa95ae5d70c65a9e8aa2bb0019b6facbc3c0575ed
  languageName: node
  linkType: hard

"prettier@npm:^3.3.2":
  version: 3.3.2
  resolution: "prettier@npm:3.3.2"
  bin:
    prettier: bin/prettier.cjs
  checksum: 10c0/39ed27d17f0238da6dd6571d63026566bd790d3d0edac57c285fbab525982060c8f1e01955fe38134ab10f0951a6076da37f015db8173c02f14bc7f0803a384c
  languageName: node
  linkType: hard

"punycode.js@npm:^2.3.1":
  version: 2.3.1
  resolution: "punycode.js@npm:2.3.1"
  checksum: 10c0/1d12c1c0e06127fa5db56bd7fdf698daf9a78104456a6b67326877afc21feaa821257b171539caedd2f0524027fa38e67b13dd094159c8d70b6d26d2bea4dfdb
  languageName: node
  linkType: hard

"shiki@npm:^1.9.0":
  version: 1.9.1
  resolution: "shiki@npm:1.9.1"
  dependencies:
    "@shikijs/core": "npm:1.9.1"
  checksum: 10c0/a9d58279a015f6ab9c2a849d90c23545062f15d6e18d4402f463c41fc7d51992d1d478f9d43b33bf1c1310d56cc0caee90d25a42e4453d4e522166b41409956e
  languageName: node
  linkType: hard

"typedoc-plugin-rename@workspace:.":
  version: 0.0.0-use.local
  resolution: "typedoc-plugin-rename@workspace:."
  dependencies:
    prettier: "npm:^3.3.2"
    typedoc: "npm:^0.26.2"
  peerDependencies:
    typedoc: ">=0.26.2"
  languageName: unknown
  linkType: soft

"typedoc@npm:^0.26.2":
  version: 0.26.2
  resolution: "typedoc@npm:0.26.2"
  dependencies:
    lunr: "npm:^2.3.9"
    markdown-it: "npm:^14.1.0"
    minimatch: "npm:^9.0.4"
    shiki: "npm:^1.9.0"
    yaml: "npm:^2.4.5"
  peerDependencies:
    typescript: 4.6.x || 4.7.x || 4.8.x || 4.9.x || 5.0.x || 5.1.x || 5.2.x || 5.3.x || 5.4.x || 5.5.x
  bin:
    typedoc: bin/typedoc
  checksum: 10c0/ef4d89d550c26f09a30f4eeb33ffd02a0ee6386f98b879a60cf0366aa4f0106951155b8e9e0c2d2a47df654f358bb71cd7d9cd603b8a6ba0e62285b14474797c
  languageName: node
  linkType: hard

"uc.micro@npm:^2.0.0, uc.micro@npm:^2.1.0":
  version: 2.1.0
  resolution: "uc.micro@npm:2.1.0"
  checksum: 10c0/8862eddb412dda76f15db8ad1c640ccc2f47cdf8252a4a30be908d535602c8d33f9855dfcccb8b8837855c1ce1eaa563f7fa7ebe3c98fd0794351aab9b9c55fa
  languageName: node
  linkType: hard

"yaml@npm:^2.4.5":
  version: 2.4.5
  resolution: "yaml@npm:2.4.5"
  bin:
    yaml: bin.mjs
  checksum: 10c0/e1ee78b381e5c710f715cc4082fd10fc82f7f5c92bd6f075771d20559e175616f56abf1c411f545ea0e9e16e4f84a83a50b42764af5f16ec006328ba9476bb31
  languageName: node
  linkType: hard
